
Microsoft Visual Studio Solution File, Format Version 12.00
# Visual Studio Version 17
VisualStudioVersion = 17.11.35222.181
MinimumVisualStudioVersion = 10.0.40219.1
Project("{FAE04EC0-301F-11D3-BF4B-00C04F79EFBC}") = "MauiHangman", "MauiHangman.csproj", "{78255628-897D-4F08-9E68-2D1A5E9CDD96}"
EndProject
Global
	GlobalSection(SolutionConfigurationPlatforms) = preSolution
		Debug|Any CPU = Debug|Any CPU
		Release|Any CPU = Release|Any CPU
	EndGlobalSection
	GlobalSection(ProjectConfigurationPlatforms) = postSolution
		{78255628-897D-4F08-9E68-2D1A5E9CDD96}.Debug|Any CPU.ActiveCfg = Debug|Any CPU
		{78255628-897D-4F08-9E68-2D1A5E9CDD96}.Debug|Any CPU.Build.0 = Debug|Any CPU
		{78255628-897D-4F08-9E68-2D1A5E9CDD96}.Debug|Any CPU.Deploy.0 = Debug|Any CPU
		{78255628-897D-4F08-9E68-2D1A5E9CDD96}.Release|Any CPU.ActiveCfg = Release|Any CPU
		{78255628-897D-4F08-9E68-2D1A5E9CDD96}.Release|Any CPU.Build.0 = Release|Any CPU
		{78255628-897D-4F08-9E68-2D1A5E9CDD96}.Release|Any CPU.Deploy.0 = Release|Any CPU
	EndGlobalSection
	GlobalSection(SolutionProperties) = preSolution
		HideSolutionNode = FALSE
	EndGlobalSection
	GlobalSection(ExtensibilityGlobals) = postSolution
		SolutionGuid = {39E77406-4DB5-414F-BEC1-4B4B360B5B3C}
	EndGlobalSection
EndGlobal
